Microsoft Visual Studio Solution File, Format Version 12.00
# Visual Studio Version 17
VisualStudioVersion = 17.5.2.0
MinimumVisualStudioVersion = 10.0.40219.1
Project("{FAE04EC0-301F-11D3-BF4B-00C04F79EFBC}") = "AuthenticationTokenBackend", "AuthenticationTokenBackend.csproj", "{A3CBA902-E24F-AFCD-1660-582DDA5DD62C}"
EndProject
Global
	GlobalSection(SolutionConfigurationPlatforms) = preSolution
		Debug|Any CPU = Debug|Any CPU
		Release|Any CPU = Release|Any CPU
	EndGlobalSection
	GlobalSection(ProjectConfigurationPlatforms) = postSolution
		{A3CBA902-E24F-AFCD-1660-582DDA5DD62C}.Debug|Any CPU.ActiveCfg = Debug|Any CPU
		{A3CBA902-E24F-AFCD-1660-582DDA5DD62C}.Debug|Any CPU.Build.0 = Debug|Any CPU
		{A3CBA902-E24F-AFCD-1660-582DDA5DD62C}.Release|Any CPU.ActiveCfg = Release|Any CPU
		{A3CBA902-E24F-AFCD-1660-582DDA5DD62C}.Release|Any CPU.Build.0 = Release|Any CPU
	EndGlobalSection
	GlobalSection(SolutionProperties) = preSolution
		HideSolutionNode = FALSE
	EndGlobalSection
	GlobalSection(ExtensibilityGlobals) = postSolution
		SolutionGuid = {C6949D93-7B41-44B6-986C-2995DBF33214}
	EndGlobalSection
EndGlobal
